Microsoft Visual Studio Solution File, Format Version 11.00
# Visual Studio 2008

Project("{B34D18A3-7378-31FF-5158-F033C23F171D}") = "GestPract", "Assembly-CSharp.csproj", "{5449F82B-4F81-D647-F6F1-D120D775744A}"
EndProject
Project("{B34D18A3-7378-31FF-5158-F033C23F171D}") = "GestPract", "Assembly-CSharp-Editor.csproj", "{32DF522F-1AE5-57AB-DC34-BA32806F4F2E}"
EndProject
Global
	GlobalSection(SolutionConfigurationPlatforms) = preSolution
		Debug|Any CPU = Debug|Any CPU
		Release|Any CPU = Release|Any CPU
	EndGlobalSection
	GlobalSection(ProjectConfigurationPlatforms) = postSolution
		{5449F82B-4F81-D647-F6F1-D120D775744A}.Debug|Any CPU.ActiveCfg = Debug|Any CPU
		{5449F82B-4F81-D647-F6F1-D120D775744A}.Debug|Any CPU.Build.0 = Debug|Any CPU
		{5449F82B-4F81-D647-F6F1-D120D775744A}.Release|Any CPU.ActiveCfg = Release|Any CPU
		{5449F82B-4F81-D647-F6F1-D120D775744A}.Release|Any CPU.Build.0 = Release|Any CPU
		{32DF522F-1AE5-57AB-DC34-BA32806F4F2E}.Debug|Any CPU.ActiveCfg = Debug|Any CPU
		{32DF522F-1AE5-57AB-DC34-BA32806F4F2E}.Debug|Any CPU.Build.0 = Debug|Any CPU
		{32DF522F-1AE5-57AB-DC34-BA32806F4F2E}.Release|Any CPU.ActiveCfg = Release|Any CPU
		{32DF522F-1AE5-57AB-DC34-BA32806F4F2E}.Release|Any CPU.Build.0 = Release|Any CPU
	EndGlobalSection
	GlobalSection(SolutionProperties) = preSolution
		HideSolutionNode = FALSE
	EndGlobalSection
						GlobalSection(MonoDevelopProperties) = preSolution
		StartupItem = Assembly-CSharp.csproj
		Policies = $0
		$0.TextStylePolicy = $1
		$1.inheritsSet = null
		$1.scope = text/x-csharp
		$0.CSharpFormattingPolicy = $2
		$2.inheritsSet = Mono
		$2.inheritsScope = text/x-csharp
		$2.scope = text/x-csharp
		$0.TextStylePolicy = $3
		$3.FileWidth = 120
		$3.TabWidth = 4
		$3.IndentWidth = 4
		$3.EolMarker = Unix
		$3.inheritsSet = Mono
		$3.inheritsScope = text/plain
		$3.scope = text/plain
	EndGlobalSection

EndGlobal
